
Microsoft Visual Studio Solution File, Format Version 12.00
# Visual Studio Version 17
VisualStudioVersion = 17.12.35506.116 d17.12
MinimumVisualStudioVersion = 10.0.40219.1
Project("{FAE04EC0-301F-11D3-BF4B-00C04F79EFBC}") = "LeapYearTest", "LeapYearTest\LeapYearTest.csproj", "{DC5C35C4-809B-4D0C-BF82-9BB48D5CA454}"
EndProject
Project("{FAE04EC0-301F-11D3-BF4B-00C04F79EFBC}") = "LeapYearCalculator", "LeapYearCalculator\LeapYearCalculator.csproj", "{9C8D1C76-7B59-4122-BE15-A95BAFC9624B}"
EndProject
Global
	GlobalSection(SolutionConfigurationPlatforms) = preSolution
		Debug|Any CPU = Debug|Any CPU
		Release|Any CPU = Release|Any CPU
	EndGlobalSection
	GlobalSection(ProjectConfigurationPlatforms) = postSolution
		{DC5C35C4-809B-4D0C-BF82-9BB48D5CA454}.Debug|Any CPU.ActiveCfg = Debug|Any CPU
		{DC5C35C4-809B-4D0C-BF82-9BB48D5CA454}.Debug|Any CPU.Build.0 = Debug|Any CPU
		{DC5C35C4-809B-4D0C-BF82-9BB48D5CA454}.Release|Any CPU.ActiveCfg = Release|Any CPU
		{DC5C35C4-809B-4D0C-BF82-9BB48D5CA454}.Release|Any CPU.Build.0 = Release|Any CPU
		{9C8D1C76-7B59-4122-BE15-A95BAFC9624B}.Debug|Any CPU.ActiveCfg = Debug|Any CPU
		{9C8D1C76-7B59-4122-BE15-A95BAFC9624B}.Debug|Any CPU.Build.0 = Debug|Any CPU
		{9C8D1C76-7B59-4122-BE15-A95BAFC9624B}.Release|Any CPU.ActiveCfg = Release|Any CPU
		{9C8D1C76-7B59-4122-BE15-A95BAFC9624B}.Release|Any CPU.Build.0 = Release|Any CPU
	EndGlobalSection
	GlobalSection(SolutionProperties) = preSolution
		HideSolutionNode = FALSE
	EndGlobalSection
EndGlobal
